// !$*UTF8*$!
{
	archiveVersion = 1;
	classes = {
	};
	objectVersion = 46;
	objects = {

/* Begin PBXBuildFile section */
		1F439E791F27A44E00681ED8 /* LiveObjectRecognitionViewController.swift in Sources */ = {isa = PBXBuildFile; fileRef = 1F439E781F27A44E00681ED8 /* LiveObjectRecognitionViewController.swift */; };
		1F439E7E1F27A8D100681ED8 /* ObjectRecognitionViewController.swift in Sources */ = {isa = PBXBuildFile; fileRef = 1F439E7D1F27A8D100681ED8 /* ObjectRecognitionViewController.swift */; };
		1F439E7F1F27AD2500681ED8 /* Inceptionv3.mlmodel in Sources */ = {isa = PBXBuildFile; fileRef = 1FBF173E1F279F2100CB3294 /* Inceptionv3.mlmodel */; };
		1F439E831F27B98F00681ED8 /* LiveObjectRecognition.storyboard in Resources */ = {isa = PBXBuildFile; fileRef = 1F439E821F27B98F00681ED8 /* LiveObjectRecognition.storyboard */; };
		1F439E841F27C20700681ED8 /* Resnet50.mlmodel in Sources */ = {isa = PBXBuildFile; fileRef = 1F439E801F27B91700681ED8 /* Resnet50.mlmodel */; };
		1F8D82331F1D520600C4BA62 /* RootTableViewController.swift in Sources */ = {isa = PBXBuildFile; fileRef = 1F8D82321F1D520600C4BA62 /* RootTableViewController.swift */; };
		1F8D82361F1D52AD00C4BA62 /* DemoType.swift in Sources */ = {isa = PBXBuildFile; fileRef = 1F8D82351F1D52AD00C4BA62 /* DemoType.swift */; };
		1F8D823A1F1D55A800C4BA62 /* StaticObjectRecognition.storyboard in Resources */ = {isa = PBXBuildFile; fileRef = 1F8D82391F1D55A800C4BA62 /* StaticObjectRecognition.storyboard */; };
		1F8D823D1F1D55E300C4BA62 /* StaticObjectRecognitionViewController.swift in Sources */ = {isa = PBXBuildFile; fileRef = 1F8D823C1F1D55E300C4BA62 /* StaticObjectRecognitionViewController.swift */; };
		1FCAF5B81F0F1308000AB997 /* AppDelegate.swift in Sources */ = {isa = PBXBuildFile; fileRef = 1FCAF5B71F0F1308000AB997 /* AppDelegate.swift */; };
		1FCAF5BD1F0F1308000AB997 /* Main.storyboard in Resources */ = {isa = PBXBuildFile; fileRef = 1FCAF5BB1F0F1308000AB997 /* Main.storyboard */; };
		1FCAF5BF1F0F1308000AB997 /* Assets.xcassets in Resources */ = {isa = PBXBuildFile; fileRef = 1FCAF5BE1F0F1308000AB997 /* Assets.xcassets */; };
		1FCAF5C21F0F1308000AB997 /* LaunchScreen.storyboard in Resources */ = {isa = PBXBuildFile; fileRef = 1FCAF5C01F0F1308000AB997 /* LaunchScreen.storyboard */; };
/* End PBXBuildFile section */

/* Begin PBXFileReference section */
		1F439E781F27A44E00681ED8 /* LiveObjectRecognitionViewController.swift */ = {isa = PBXFileReference; lastKnownFileType = sourcecode.swift; path = LiveObjectRecognitionViewController.swift; sourceTree = "<group>"; };
		1F439E7D1F27A8D100681ED8 /* ObjectRecognitionViewController.swift */ = {isa = PBXFileReference; lastKnownFileType = sourcecode.swift; path = ObjectRecognitionViewController.swift; sourceTree = "<group>"; };
		1F439E801F27B91700681ED8 /* Resnet50.mlmodel */ = {isa = PBXFileReference; lastKnownFileType = file.mlmodel; path = Resnet50.mlmodel; sourceTree = "<group>"; };
		1F439E821F27B98F00681ED8 /* LiveObjectRecognition.storyboard */ = {isa = PBXFileReference; lastKnownFileType = file.storyboard; path = LiveObjectRecognition.storyboard; sourceTree = "<group>"; };
		1F8D82321F1D520600C4BA62 /* RootTableViewController.swift */ = {isa = PBXFileReference; lastKnownFileType = sourcecode.swift; path = RootTableViewController.swift; sourceTree = "<group>"; };
		1F8D82351F1D52AD00C4BA62 /* DemoType.swift */ = {isa = PBXFileReference; lastKnownFileType = sourcecode.swift; path = DemoType.swift; sourceTree = "<group>"; };
		1F8D82391F1D55A800C4BA62 /* StaticObjectRecognition.storyboard */ = {isa = PBXFileReference; lastKnownFileType = file.storyboard; path = StaticObjectRecognition.storyboard; sourceTree = "<group>"; };
		1F8D823C1F1D55E300C4BA62 /* StaticObjectRecognitionViewController.swift */ = {isa = PBXFileReference; lastKnownFileType = sourcecode.swift; path = StaticObjectRecognitionViewController.swift; sourceTree = "<group>"; };
		1FBF173E1F279F2100CB3294 /* Inceptionv3.mlmodel */ = {isa = PBXFileReference; lastKnownFileType = file.mlmodel; path = Inceptionv3.mlmodel; sourceTree = "<group>"; };
		1FCAF5B41F0F1308000AB997 /* CoreMLDemos.app */ = {isa = PBXFileReference; explicitFileType = wrapper.application; includeInIndex = 0; path = CoreMLDemos.app; sourceTree = BUILT_PRODUCTS_DIR; };
		1FCAF5B71F0F1308000AB997 /* AppDelegate.swift */ = {isa = PBXFileReference; lastKnownFileType = sourcecode.swift; path = AppDelegate.swift; sourceTree = "<group>"; };
		1FCAF5BC1F0F1308000AB997 /* Base */ = {isa = PBXFileReference; lastKnownFileType = file.storyboard; name = Base; path = Base.lproj/Main.storyboard; sourceTree = "<group>"; };
		1FCAF5BE1F0F1308000AB997 /* Assets.xcassets */ = {isa = PBXFileReference; lastKnownFileType = folder.assetcatalog; path = Assets.xcassets; sourceTree = "<group>"; };
		1FCAF5C11F0F1308000AB997 /* Base */ = {isa = PBXFileReference; lastKnownFileType = file.storyboard; name = Base; path = Base.lproj/LaunchScreen.storyboard; sourceTree = "<group>"; };
		1FCAF5C31F0F1308000AB997 /* Info.plist */ = {isa = PBXFileReference; lastKnownFileType = text.plist.xml; path = Info.plist; sourceTree = "<group>"; };
/* End PBXFileReference section */

/* Begin PBXFrameworksBuildPhase section */
		1FCAF5B11F0F1308000AB997 /* Frameworks */ = {
			isa = PBXFrameworksBuildPhase;
			buildActionMask = 2147483647;
			files = (
			);
			runOnlyForDeploymentPostprocessing = 0;
		};
/* End PBXFrameworksBuildPhase section */

/* Begin PBXGroup section */
		1F439E771F27A3EF00681ED8 /* Live Object Recognition */ = {
			isa = PBXGroup;
			children = (
				1F439E781F27A44E00681ED8 /* LiveObjectRecognitionViewController.swift */,
			);
			path = "Live Object Recognition";
			sourceTree = "<group>";
		};
		1F439E7A1F27A6D300681ED8 /* Object Recognition */ = {
			isa = PBXGroup;
			children = (
				1F439E7D1F27A8D100681ED8 /* ObjectRecognitionViewController.swift */,
				1F8D823B1F1D55C300C4BA62 /* Static Object Recognition */,
				1F439E771F27A3EF00681ED8 /* Live Object Recognition */,
			);
			path = "Object Recognition";
			sourceTree = "<group>";
		};
		1F439E811F27B96A00681ED8 /* Live Object Reocginition */ = {
			isa = PBXGroup;
			children = (
				1F439E821F27B98F00681ED8 /* LiveObjectRecognition.storyboard */,
			);
			path = "Live Object Reocginition";
			sourceTree = "<group>";
		};
		1F8D82311F1D51E700C4BA62 /* View Controllers */ = {
			isa = PBXGroup;
			children = (
				1F8D82321F1D520600C4BA62 /* RootTableViewController.swift */,
				1F439E7A1F27A6D300681ED8 /* Object Recognition */,
			);
			path = "View Controllers";
			sourceTree = "<group>";
		};
		1F8D82341F1D529B00C4BA62 /* Model */ = {
			isa = PBXGroup;
			children = (
				1F439E801F27B91700681ED8 /* Resnet50.mlmodel */,
				1FBF173E1F279F2100CB3294 /* Inceptionv3.mlmodel */,
				1F8D82351F1D52AD00C4BA62 /* DemoType.swift */,
			);
			path = Model;
			sourceTree = "<group>";
		};
		1F8D82371F1D556500C4BA62 /* UI */ = {
			isa = PBXGroup;
			children = (
				1F439E811F27B96A00681ED8 /* Live Object Reocginition */,
				1F8D82381F1D559500C4BA62 /* Static Object Recognition */,
			);
			path = UI;
			sourceTree = "<group>";
		};
		1F8D82381F1D559500C4BA62 /* Static Object Recognition */ = {
			isa = PBXGroup;
			children = (
				1F8D82391F1D55A800C4BA62 /* StaticObjectRecognition.storyboard */,
			);
			path = "Static Object Recognition";
			sourceTree = "<group>";
		};
		1F8D823B1F1D55C300C4BA62 /* Static Object Recognition */ = {
			isa = PBXGroup;
			children = (
				1F8D823C1F1D55E300C4BA62 /* StaticObjectRecognitionViewController.swift */,
			);
			path = "Static Object Recognition";
			sourceTree = "<group>";
		};
		1FCAF5AB1F0F1308000AB997 = {
			isa = PBXGroup;
			children = (
				1FCAF5B61F0F1308000AB997 /* CoreMLDemos */,
				1FCAF5B51F0F1308000AB997 /* Products */,
			);
			sourceTree = "<group>";
		};
		1FCAF5B51F0F1308000AB997 /* Products */ = {
			isa = PBXGroup;
			children = (
				1FCAF5B41F0F1308000AB997 /* CoreMLDemos.app */,
			);
			name = Products;
			sourceTree = "<group>";
		};
		1FCAF5B61F0F1308000AB997 /* CoreMLDemos */ = {
			isa = PBXGroup;
			children = (
				1FCAF5C01F0F1308000AB997 /* LaunchScreen.storyboard */,
				1FCAF5BB1F0F1308000AB997 /* Main.storyboard */,
				1FCAF5BE1F0F1308000AB997 /* Assets.xcassets */,
				1F8D82371F1D556500C4BA62 /* UI */,
				1F8D82341F1D529B00C4BA62 /* Model */,
				1F8D82311F1D51E700C4BA62 /* View Controllers */,
				1FCAF5B71F0F1308000AB997 /* AppDelegate.swift */,
				1FCAF5C31F0F1308000AB997 /* Info.plist */,
			);
			path = CoreMLDemos;
			sourceTree = "<group>";
		};
/* End PBXGroup section */

/* Begin PBXNativeTarget section */
		1FCAF5B31F0F1308000AB997 /* CoreMLDemos */ = {
			isa = PBXNativeTarget;
			buildConfigurationList = 1FCAF5C61F0F1308000AB997 /* Build configuration list for PBXNativeTarget "CoreMLDemos" */;
			buildPhases = (
				1FCAF5B01F0F1308000AB997 /* Sources */,
				1FCAF5B11F0F1308000AB997 /* Frameworks */,
				1FCAF5B21F0F1308000AB997 /* Resources */,
			);
			buildRules = (
			);
			dependencies = (
			);
			name = CoreMLDemos;
			productName = CoreMLDemos;
			productReference = 1FCAF5B41F0F1308000AB997 /* CoreMLDemos.app */;
			productType = "com.apple.product-type.application";
		};
/* End PBXNativeTarget section */

/* Begin PBXProject section */
		1FCAF5AC1F0F1308000AB997 /* Project object */ = {
			isa = PBXProject;
			attributes = {
				LastSwiftUpdateCheck = 0830;
				LastUpgradeCheck = 0830;
				ORGANIZATIONNAME = "Kasey Schindler";
				TargetAttributes = {
					1FCAF5B31F0F1308000AB997 = {
						CreatedOnToolsVersion = 8.3.3;
						DevelopmentTeam = G9EHQST8C5;
						ProvisioningStyle = Automatic;
					};
				};
			};
			buildConfigurationList = 1FCAF5AF1F0F1308000AB997 /* Build configuration list for PBXProject "CoreMLDemos" */;
			compatibilityVersion = "Xcode 3.2";
			developmentRegion = English;
			hasScannedForEncodings = 0;
			knownRegions = (
				en,
				Base,
			);
			mainGroup = 1FCAF5AB1F0F1308000AB997;
			productRefGroup = 1FCAF5B51F0F1308000AB997 /* Products */;
			projectDirPath = "";
			projectRoot = "";
			targets = (
				1FCAF5B31F0F1308000AB997 /* CoreMLDemos */,
			);
		};
/* End PBXProject section */

/* Begin PBXResourcesBuildPhase section */
		1FCAF5B21F0F1308000AB997 /* Resources */ = {
			isa = PBXResourcesBuildPhase;
			buildActionMask = 2147483647;
			files = (
				1FCAF5C21F0F1308000AB997 /* LaunchScreen.storyboard in Resources */,
				1FCAF5BF1F0F1308000AB997 /* Assets.xcassets in Resources */,
				1F439E831F27B98F00681ED8 /* LiveObjectRecognition.storyboard in Resources */,
				1FCAF5BD1F0F1308000AB997 /* Main.storyboard in Resources */,
				1F8D823A1F1D55A800C4BA62 /* StaticObjectRecognition.storyboard in Resources */,
			);
			runOnlyForDeploymentPostprocessing = 0;
		};
/* End PBXResourcesBuildPhase section */

/* Begin PBXSourcesBuildPhase section */
		1FCAF5B01F0F1308000AB997 /* Sources */ = {
			isa = PBXSourcesBuildPhase;
			buildActionMask = 2147483647;
			files = (
				1F439E841F27C20700681ED8 /* Resnet50.mlmodel in Sources */,
				1F439E7F1F27AD2500681ED8 /* Inceptionv3.mlmodel in Sources */,
				1FCAF5B81F0F1308000AB997 /* AppDelegate.swift in Sources */,
				1F439E791F27A44E00681ED8 /* LiveObjectRecognitionViewController.swift in Sources */,
				1F8D82331F1D520600C4BA62 /* RootTableViewController.swift in Sources */,
				1F439E7E1F27A8D100681ED8 /* ObjectRecognitionViewController.swift in Sources */,
				1F8D82361F1D52AD00C4BA62 /* DemoType.swift in Sources */,
				1F8D823D1F1D55E300C4BA62 /* StaticObjectRecognitionViewController.swift in Sources */,
			);
			runOnlyForDeploymentPostprocessing = 0;
		};
/* End PBXSourcesBuildPhase section */

/* Begin PBXVariantGroup section */
		1FCAF5BB1F0F1308000AB997 /* Main.storyboard */ = {
			isa = PBXVariantGroup;
			children = (
				1FCAF5BC1F0F1308000AB997 /* Base */,
			);
			name = Main.storyboard;
			sourceTree = "<group>";
		};
		1FCAF5C01F0F1308000AB997 /* LaunchScreen.storyboard */ = {
			isa = PBXVariantGroup;
			children = (
				1FCAF5C11F0F1308000AB997 /* Base */,
			);
			name = LaunchScreen.storyboard;
			sourceTree = "<group>";
		};
/* End PBXVariantGroup section */

/* Begin XCBuildConfiguration section */
		1FCAF5C41F0F1308000AB997 /* Debug */ = {
			isa = XCBuildConfiguration;
			buildSettings = {
				ALWAYS_SEARCH_USER_PATHS = NO;
				CLANG_ANALYZER_NONNULL = YES;
				CLANG_ANALYZER_NUMBER_OBJECT_CONVERSION = YES_AGGRESSIVE;
				CLANG_CXX_LANGUAGE_STANDARD = "gnu++0x";
				CLANG_CXX_LIBRARY = "libc++";
				CLANG_ENABLE_MODULES = YES;
				CLANG_ENABLE_OBJC_ARC = YES;
				CLANG_WARN_BOOL_CONVERSION = YES;
				CLANG_WARN_CONSTANT_CONVERSION = YES;
				CLANG_WARN_DIRECT_OBJC_ISA_USAGE = YES_ERROR;
				CLANG_WARN_DOCUMENTATION_COMMENTS = YES;
				CLANG_WARN_EMPTY_BODY = YES;
				CLANG_WARN_ENUM_CONVERSION = YES;
				CLANG_WARN_INFINITE_RECURSION = YES;
				CLANG_WARN_INT_CONVERSION = YES;
				CLANG_WARN_OBJC_ROOT_CLASS = YES_ERROR;
				CLANG_WARN_SUSPICIOUS_MOVE = YES;
				CLANG_WARN_UNREACHABLE_CODE = YES;
				CLANG_WARN__DUPLICATE_METHOD_MATCH = YES;
				"CODE_SIGN_IDENTITY[sdk=iphoneos*]" = "iPhone Developer";
				COPY_PHASE_STRIP = NO;
				DEBUG_INFORMATION_FORMAT = dwarf;
				ENABLE_STRICT_OBJC_MSGSEND = YES;
				ENABLE_TESTABILITY = YES;
				GCC_C_LANGUAGE_STANDARD = gnu99;
				GCC_DYNAMIC_NO_PIC = NO;
				GCC_NO_COMMON_BLOCKS = YES;
				GCC_OPTIMIZATION_LEVEL = 0;
				GCC_PREPROCESSOR_DEFINITIONS = (
					"DEBUG=1",
					"$(inherited)",
				);
				GCC_WARN_64_TO_32_BIT_CONVERSION = YES;
				GCC_WARN_ABOUT_RETURN_TYPE = YES_ERROR;
				GCC_WARN_UNDECLARED_SELECTOR = YES;
				GCC_WARN_UNINITIALIZED_AUTOS = YES_AGGRESSIVE;
				GCC_WARN_UNUSED_FUNCTION = YES;
				GCC_WARN_UNUSED_VARIABLE = YES;
				IPHONEOS_DEPLOYMENT_TARGET = 11.0;
				MTL_ENABLE_DEBUG_INFO = YES;
				ONLY_ACTIVE_ARCH = YES;
				SDKROOT = iphoneos;
				SWIFT_ACTIVE_COMPILATION_CONDITIONS = DEBUG;
				SWIFT_OPTIMIZATION_LEVEL = "-Onone";
			};
			name = Debug;
		};
		1FCAF5C51F0F1308000AB997 /* Release */ = {
			isa = XCBuildConfiguration;
			buildSettings = {
				ALWAYS_SEARCH_USER_PATHS = NO;
				CLANG_ANALYZER_NONNULL = YES;
				CLANG_ANALYZER_NUMBER_OBJECT_CONVERSION = YES_AGGRESSIVE;
				CLANG_CXX_LANGUAGE_STANDARD = "gnu++0x";
				CLANG_CXX_LIBRARY = "libc++";
				CLANG_ENABLE_MODULES = YES;
				CLANG_ENABLE_OBJC_ARC = YES;
				CLANG_WARN_BOOL_CONVERSION = YES;
				CLANG_WARN_CONSTANT_CONVERSION = YES;
				CLANG_WARN_DIRECT_OBJC_ISA_USAGE = YES_ERROR;
				CLANG_WARN_DOCUMENTATION_COMMENTS = YES;
				CLANG_WARN_EMPTY_BODY = YES;
				CLANG_WARN_ENUM_CONVERSION = YES;
				CLANG_WARN_INFINITE_RECURSION = YES;
				CLANG_WARN_INT_CONVERSION = YES;
				CLANG_WARN_OBJC_ROOT_CLASS = YES_ERROR;
				CLANG_WARN_SUSPICIOUS_MOVE = YES;
				CLANG_WARN_UNREACHABLE_CODE = YES;
				CLANG_WARN__DUPLICATE_METHOD_MATCH = YES;
				"CODE_SIGN_IDENTITY[sdk=iphoneos*]" = "iPhone Developer";
				COPY_PHASE_STRIP = NO;
				DEBUG_INFORMATION_FORMAT = "dwarf-with-dsym";
				ENABLE_NS_ASSERTIONS = NO;
				ENABLE_STRICT_OBJC_MSGSEND = YES;
				GCC_C_LANGUAGE_STANDARD = gnu99;
				GCC_NO_COMMON_BLOCKS = YES;
				GCC_WARN_64_TO_32_BIT_CONVERSION = YES;
				GCC_WARN_ABOUT_RETURN_TYPE = YES_ERROR;
				GCC_WARN_UNDECLARED_SELECTOR = YES;
				GCC_WARN_UNINITIALIZED_AUTOS = YES_AGGRESSIVE;
				GCC_WARN_UNUSED_FUNCTION = YES;
				GCC_WARN_UNUSED_VARIABLE = YES;
				IPHONEOS_DEPLOYMENT_TARGET = 11.0;
				MTL_ENABLE_DEBUG_INFO = NO;
				SDKROOT = iphoneos;
				SWIFT_OPTIMIZATION_LEVEL = "-Owholemodule";
				VALIDATE_PRODUCT = YES;
			};
			name = Release;
		};
		1FCAF5C71F0F1308000AB997 /* Debug */ = {
			isa = XCBuildConfiguration;
			buildSettings = {
				ASSETCATALOG_COMPILER_APPICON_NAME = AppIcon;
				DEVELOPMENT_TEAM = G9EHQST8C5;
				INFOPLIST_FILE = CoreMLDemos/Info.plist;
				IPHONEOS_DEPLOYMENT_TARGET = 11.0;
				LD_RUNPATH_SEARCH_PATHS = "$(inherited) @executable_path/Frameworks";
				PRODUCT_BUNDLE_IDENTIFIER = com.kaseyschindler.CoreMLDemos;
				PRODUCT_NAME = "$(TARGET_NAME)";
				SWIFT_VERSION = 3.0;
			};
			name = Debug;
		};
		1FCAF5C81F0F1308000AB997 /* Release */ = {
			isa = XCBuildConfiguration;
			buildSettings = {
				ASSETCATALOG_COMPILER_APPICON_NAME = AppIcon;
				DEVELOPMENT_TEAM = G9EHQST8C5;
				INFOPLIST_FILE = CoreMLDemos/Info.plist;
				IPHONEOS_DEPLOYMENT_TARGET = 11.0;
				LD_RUNPATH_SEARCH_PATHS = "$(inherited) @executable_path/Frameworks";
				PRODUCT_BUNDLE_IDENTIFIER = com.kaseyschindler.CoreMLDemos;
				PRODUCT_NAME = "$(TARGET_NAME)";
				SWIFT_VERSION = 3.0;
			};
			name = Release;
		};
/* End XCBuildConfiguration section */

/* Begin XCConfigurationList section */
		1FCAF5AF1F0F1308000AB997 /* Build configuration list for PBXProject "CoreMLDemos" */ = {
			isa = XCConfigurationList;
			buildConfigurations = (
				1FCAF5C41F0F1308000AB997 /* Debug */,
				1FCAF5C51F0F1308000AB997 /* Release */,
			);
			defaultConfigurationIsVisible = 0;
			defaultConfigurationName = Release;
		};
		1FCAF5C61F0F1308000AB997 /* Build configuration list for PBXNativeTarget "CoreMLDemos" */ = {
			isa = XCConfigurationList;
			buildConfigurations = (
				1FCAF5C71F0F1308000AB997 /* Debug */,
				1FCAF5C81F0F1308000AB997 /* Release */,
			);
			defaultConfigurationIsVisible = 0;
			defaultConfigurationName = Release;
		};
/* End XCConfigurationList section */
	};
	rootObject = 1FCAF5AC1F0F1308000AB997 /* Project object */;
}
